
Microsoft Visual Studio Solution File, Format Version 12.00
# Visual Studio 15
VisualStudioVersion = 15.0.27004.2005
MinimumVisualStudioVersion = 10.0.40219.1
Project("{2150E333-8FDC-42A3-9474-1A3956D46DE8}") = "Service", "Service", "{F7B962A0-9808-4626-83A9-539FC393957A}"
EndProject
Project("{2150E333-8FDC-42A3-9474-1A3956D46DE8}") = "Client", "Client", "{4D132DFC-30AB-41E3-B277-56134D3FC48D}"
EndProject
Project("{2150E333-8FDC-42A3-9474-1A3956D46DE8}") = "DataBase", "DataBase", "{102D3E00-8C09-403D-B3B6-CF011BAD68EB}"
EndProject
Project("{00D1A9C2-B5F0-4AF3-8072-F6C62B433612}") = "MSTest", "MSTest\MSTest.sqlproj", "{FF228B7E-800D-4C12-8124-9D030E3B51C0}"
EndProject
Project("{2150E333-8FDC-42A3-9474-1A3956D46DE8}") = "Data", "Data", "{E03722AA-6B8F-4010-9883-A0C371F2B403}"
EndProject
Project("{FAE04EC0-301F-11D3-BF4B-00C04F79EFBC}") = "DataEntity", "DataEntity\DataEntity.csproj", "{A7B48BF1-AA03-4239-8929-5F3ADA4C20E9}"
EndProject
Project("{FAE04EC0-301F-11D3-BF4B-00C04F79EFBC}") = "DataAccess", "DataAccess\DataAccess.csproj", "{6E2255FC-A273-404B-97BC-2AA5DB3D3A17}"
EndProject
Project("{2150E333-8FDC-42A3-9474-1A3956D46DE8}") = "Test", "Test", "{D735CB15-252C-48CA-9E14-566B598A4093}"
EndProject
Project("{FAE04EC0-301F-11D3-BF4B-00C04F79EFBC}") = "TestProject", "TestProject\TestProject.csproj", "{D4A6CA81-41A6-439F-8CD1-66A2453E85E0}"
EndProject
Project("{2150E333-8FDC-42A3-9474-1A3956D46DE8}") = "DependencyResolver", "DependencyResolver", "{FD5FBA26-868F-43F6-8747-D91D86E2EC86}"
EndProject
Project("{FAE04EC0-301F-11D3-BF4B-00C04F79EFBC}") = "DependencyResolver", "DependencyResolver\DependencyResolver.csproj", "{7E66B283-1699-4DEA-A9DB-512765DE28AD}"
EndProject
Project("{FAE04EC0-301F-11D3-BF4B-00C04F79EFBC}") = "ServiceLayer", "ServiceLayer\ServiceLayer.csproj", "{23A9C8F4-DD6F-4B45-9BDC-37800CA4150C}"
EndProject
Project("{2150E333-8FDC-42A3-9474-1A3956D46DE8}") = "Common", "Common", "{369A08A6-ED4B-4D7E-B738-04FCEA3CC24B}"
EndProject
Project("{FAE04EC0-301F-11D3-BF4B-00C04F79EFBC}") = "Common", "Common\Common.csproj", "{452886E0-883D-4BA1-AEAA-603976A2708D}"
EndProject
Project("{2150E333-8FDC-42A3-9474-1A3956D46DE8}") = "Api_Layer", "Api_Layer", "{FF3CCE6A-C96C-434B-9C1C-762F70FF888D}"
EndProject
Project("{FAE04EC0-301F-11D3-BF4B-00C04F79EFBC}") = "APIIIII", "APIIIII\APIIIII.csproj", "{EC5B2A0D-8240-441A-8EA5-D95719A981F9}"
EndProject
Project("{FAE04EC0-301F-11D3-BF4B-00C04F79EFBC}") = "ClientLibrary", "ClientLibrary\ClientLibrary.csproj", "{89A0C1FB-CBBC-468C-8388-EBC95453A16E}"
EndProject
Project("{FAE04EC0-301F-11D3-BF4B-00C04F79EFBC}") = "ClientTest", "ClientTest\ClientTest.csproj", "{BE133B87-FDB9-48A3-B83C-0C8ACB6FA64B}"
EndProject
Global
	GlobalSection(SolutionConfigurationPlatforms) = preSolution
		Debug|Any CPU = Debug|Any CPU
		Debug|ARM = Debug|ARM
		Debug|x64 = Debug|x64
		Debug|x86 = Debug|x86
		Release|Any CPU = Release|Any CPU
		Release|ARM = Release|ARM
		Release|x64 = Release|x64
		Release|x86 = Release|x86
	EndGlobalSection
	GlobalSection(ProjectConfigurationPlatforms) = postSolution
		{FF228B7E-800D-4C12-8124-9D030E3B51C0}.Debug|Any CPU.ActiveCfg = Debug|Any CPU
		{FF228B7E-800D-4C12-8124-9D030E3B51C0}.Debug|Any CPU.Build.0 = Debug|Any CPU
		{FF228B7E-800D-4C12-8124-9D030E3B51C0}.Debug|Any CPU.Deploy.0 = Debug|Any CPU
		{FF228B7E-800D-4C12-8124-9D030E3B51C0}.Debug|ARM.ActiveCfg = Debug|Any CPU
		{FF228B7E-800D-4C12-8124-9D030E3B51C0}.Debug|ARM.Build.0 = Debug|Any CPU
		{FF228B7E-800D-4C12-8124-9D030E3B51C0}.Debug|ARM.Deploy.0 = Debug|Any CPU
		{FF228B7E-800D-4C12-8124-9D030E3B51C0}.Debug|x64.ActiveCfg = Debug|Any CPU
		{FF228B7E-800D-4C12-8124-9D030E3B51C0}.Debug|x64.Build.0 = Debug|Any CPU
		{FF228B7E-800D-4C12-8124-9D030E3B51C0}.Debug|x64.Deploy.0 = Debug|Any CPU
		{FF228B7E-800D-4C12-8124-9D030E3B51C0}.Debug|x86.ActiveCfg = Debug|Any CPU
		{FF228B7E-800D-4C12-8124-9D030E3B51C0}.Debug|x86.Build.0 = Debug|Any CPU
		{FF228B7E-800D-4C12-8124-9D030E3B51C0}.Debug|x86.Deploy.0 = Debug|Any CPU
		{FF228B7E-800D-4C12-8124-9D030E3B51C0}.Release|Any CPU.ActiveCfg = Release|Any CPU
		{FF228B7E-800D-4C12-8124-9D030E3B51C0}.Release|Any CPU.Build.0 = Release|Any CPU
		{FF228B7E-800D-4C12-8124-9D030E3B51C0}.Release|Any CPU.Deploy.0 = Release|Any CPU
		{FF228B7E-800D-4C12-8124-9D030E3B51C0}.Release|ARM.ActiveCfg = Release|Any CPU
		{FF228B7E-800D-4C12-8124-9D030E3B51C0}.Release|ARM.Build.0 = Release|Any CPU
		{FF228B7E-800D-4C12-8124-9D030E3B51C0}.Release|ARM.Deploy.0 = Release|Any CPU
		{FF228B7E-800D-4C12-8124-9D030E3B51C0}.Release|x64.ActiveCfg = Release|Any CPU
		{FF228B7E-800D-4C12-8124-9D030E3B51C0}.Release|x64.Build.0 = Release|Any CPU
		{FF228B7E-800D-4C12-8124-9D030E3B51C0}.Release|x64.Deploy.0 = Release|Any CPU
		{FF228B7E-800D-4C12-8124-9D030E3B51C0}.Release|x86.ActiveCfg = Release|Any CPU
		{FF228B7E-800D-4C12-8124-9D030E3B51C0}.Release|x86.Build.0 = Release|Any CPU
		{FF228B7E-800D-4C12-8124-9D030E3B51C0}.Release|x86.Deploy.0 = Release|Any CPU
		{A7B48BF1-AA03-4239-8929-5F3ADA4C20E9}.Debug|Any CPU.ActiveCfg = Debug|Any CPU
		{A7B48BF1-AA03-4239-8929-5F3ADA4C20E9}.Debug|Any CPU.Build.0 = Debug|Any CPU
		{A7B48BF1-AA03-4239-8929-5F3ADA4C20E9}.Debug|ARM.ActiveCfg = Debug|Any CPU
		{A7B48BF1-AA03-4239-8929-5F3ADA4C20E9}.Debug|ARM.Build.0 = Debug|Any CPU
		{A7B48BF1-AA03-4239-8929-5F3ADA4C20E9}.Debug|x64.ActiveCfg = Debug|Any CPU
		{A7B48BF1-AA03-4239-8929-5F3ADA4C20E9}.Debug|x64.Build.0 = Debug|Any CPU
		{A7B48BF1-AA03-4239-8929-5F3ADA4C20E9}.Debug|x86.ActiveCfg = Debug|Any CPU
		{A7B48BF1-AA03-4239-8929-5F3ADA4C20E9}.Debug|x86.Build.0 = Debug|Any CPU
		{A7B48BF1-AA03-4239-8929-5F3ADA4C20E9}.Release|Any CPU.ActiveCfg = Release|Any CPU
		{A7B48BF1-AA03-4239-8929-5F3ADA4C20E9}.Release|Any CPU.Build.0 = Release|Any CPU
		{A7B48BF1-AA03-4239-8929-5F3ADA4C20E9}.Release|ARM.ActiveCfg = Release|Any CPU
		{A7B48BF1-AA03-4239-8929-5F3ADA4C20E9}.Release|ARM.Build.0 = Release|Any CPU
		{A7B48BF1-AA03-4239-8929-5F3ADA4C20E9}.Release|x64.ActiveCfg = Release|Any CPU
		{A7B48BF1-AA03-4239-8929-5F3ADA4C20E9}.Release|x64.Build.0 = Release|Any CPU
		{A7B48BF1-AA03-4239-8929-5F3ADA4C20E9}.Release|x86.ActiveCfg = Release|Any CPU
		{A7B48BF1-AA03-4239-8929-5F3ADA4C20E9}.Release|x86.Build.0 = Release|Any CPU
		{6E2255FC-A273-404B-97BC-2AA5DB3D3A17}.Debug|Any CPU.ActiveCfg = Debug|Any CPU
		{6E2255FC-A273-404B-97BC-2AA5DB3D3A17}.Debug|Any CPU.Build.0 = Debug|Any CPU
		{6E2255FC-A273-404B-97BC-2AA5DB3D3A17}.Debug|ARM.ActiveCfg = Debug|Any CPU
		{6E2255FC-A273-404B-97BC-2AA5DB3D3A17}.Debug|ARM.Build.0 = Debug|Any CPU
		{6E2255FC-A273-404B-97BC-2AA5DB3D3A17}.Debug|x64.ActiveCfg = Debug|Any CPU
		{6E2255FC-A273-404B-97BC-2AA5DB3D3A17}.Debug|x64.Build.0 = Debug|Any CPU
		{6E2255FC-A273-404B-97BC-2AA5DB3D3A17}.Debug|x86.ActiveCfg = Debug|Any CPU
		{6E2255FC-A273-404B-97BC-2AA5DB3D3A17}.Debug|x86.Build.0 = Debug|Any CPU
		{6E2255FC-A273-404B-97BC-2AA5DB3D3A17}.Release|Any CPU.ActiveCfg = Release|Any CPU
		{6E2255FC-A273-404B-97BC-2AA5DB3D3A17}.Release|Any CPU.Build.0 = Release|Any CPU
		{6E2255FC-A273-404B-97BC-2AA5DB3D3A17}.Release|ARM.ActiveCfg = Release|Any CPU
		{6E2255FC-A273-404B-97BC-2AA5DB3D3A17}.Release|ARM.Build.0 = Release|Any CPU
		{6E2255FC-A273-404B-97BC-2AA5DB3D3A17}.Release|x64.ActiveCfg = Release|Any CPU
		{6E2255FC-A273-404B-97BC-2AA5DB3D3A17}.Release|x64.Build.0 = Release|Any CPU
		{6E2255FC-A273-404B-97BC-2AA5DB3D3A17}.Release|x86.ActiveCfg = Release|Any CPU
		{6E2255FC-A273-404B-97BC-2AA5DB3D3A17}.Release|x86.Build.0 = Release|Any CPU
		{D4A6CA81-41A6-439F-8CD1-66A2453E85E0}.Debug|Any CPU.ActiveCfg = Debug|Any CPU
		{D4A6CA81-41A6-439F-8CD1-66A2453E85E0}.Debug|Any CPU.Build.0 = Debug|Any CPU
		{D4A6CA81-41A6-439F-8CD1-66A2453E85E0}.Debug|ARM.ActiveCfg = Debug|Any CPU
		{D4A6CA81-41A6-439F-8CD1-66A2453E85E0}.Debug|ARM.Build.0 = Debug|Any CPU
		{D4A6CA81-41A6-439F-8CD1-66A2453E85E0}.Debug|x64.ActiveCfg = Debug|Any CPU
		{D4A6CA81-41A6-439F-8CD1-66A2453E85E0}.Debug|x64.Build.0 = Debug|Any CPU
		{D4A6CA81-41A6-439F-8CD1-66A2453E85E0}.Debug|x86.ActiveCfg = Debug|Any CPU
		{D4A6CA81-41A6-439F-8CD1-66A2453E85E0}.Debug|x86.Build.0 = Debug|Any CPU
		{D4A6CA81-41A6-439F-8CD1-66A2453E85E0}.Release|Any CPU.ActiveCfg = Release|Any CPU
		{D4A6CA81-41A6-439F-8CD1-66A2453E85E0}.Release|Any CPU.Build.0 = Release|Any CPU
		{D4A6CA81-41A6-439F-8CD1-66A2453E85E0}.Release|ARM.ActiveCfg = Release|Any CPU
		{D4A6CA81-41A6-439F-8CD1-66A2453E85E0}.Release|ARM.Build.0 = Release|Any CPU
		{D4A6CA81-41A6-439F-8CD1-66A2453E85E0}.Release|x64.ActiveCfg = Release|Any CPU
		{D4A6CA81-41A6-439F-8CD1-66A2453E85E0}.Release|x64.Build.0 = Release|Any CPU
		{D4A6CA81-41A6-439F-8CD1-66A2453E85E0}.Release|x86.ActiveCfg = Release|Any CPU
		{D4A6CA81-41A6-439F-8CD1-66A2453E85E0}.Release|x86.Build.0 = Release|Any CPU
		{7E66B283-1699-4DEA-A9DB-512765DE28AD}.Debug|Any CPU.ActiveCfg = Debug|Any CPU
		{7E66B283-1699-4DEA-A9DB-512765DE28AD}.Debug|Any CPU.Build.0 = Debug|Any CPU
		{7E66B283-1699-4DEA-A9DB-512765DE28AD}.Debug|ARM.ActiveCfg = Debug|Any CPU
		{7E66B283-1699-4DEA-A9DB-512765DE28AD}.Debug|ARM.Build.0 = Debug|Any CPU
		{7E66B283-1699-4DEA-A9DB-512765DE28AD}.Debug|x64.ActiveCfg = Debug|Any CPU
		{7E66B283-1699-4DEA-A9DB-512765DE28AD}.Debug|x64.Build.0 = Debug|Any CPU
		{7E66B283-1699-4DEA-A9DB-512765DE28AD}.Debug|x86.ActiveCfg = Debug|Any CPU
		{7E66B283-1699-4DEA-A9DB-512765DE28AD}.Debug|x86.Build.0 = Debug|Any CPU
		{7E66B283-1699-4DEA-A9DB-512765DE28AD}.Release|Any CPU.ActiveCfg = Release|Any CPU
		{7E66B283-1699-4DEA-A9DB-512765DE28AD}.Release|Any CPU.Build.0 = Release|Any CPU
		{7E66B283-1699-4DEA-A9DB-512765DE28AD}.Release|ARM.ActiveCfg = Release|Any CPU
		{7E66B283-1699-4DEA-A9DB-512765DE28AD}.Release|ARM.Build.0 = Release|Any CPU
		{7E66B283-1699-4DEA-A9DB-512765DE28AD}.Release|x64.ActiveCfg = Release|Any CPU
		{7E66B283-1699-4DEA-A9DB-512765DE28AD}.Release|x64.Build.0 = Release|Any CPU
		{7E66B283-1699-4DEA-A9DB-512765DE28AD}.Release|x86.ActiveCfg = Release|Any CPU
		{7E66B283-1699-4DEA-A9DB-512765DE28AD}.Release|x86.Build.0 = Release|Any CPU
		{23A9C8F4-DD6F-4B45-9BDC-37800CA4150C}.Debug|Any CPU.ActiveCfg = Debug|Any CPU
		{23A9C8F4-DD6F-4B45-9BDC-37800CA4150C}.Debug|Any CPU.Build.0 = Debug|Any CPU
		{23A9C8F4-DD6F-4B45-9BDC-37800CA4150C}.Debug|ARM.ActiveCfg = Debug|Any CPU
		{23A9C8F4-DD6F-4B45-9BDC-37800CA4150C}.Debug|ARM.Build.0 = Debug|Any CPU
		{23A9C8F4-DD6F-4B45-9BDC-37800CA4150C}.Debug|x64.ActiveCfg = Debug|Any CPU
		{23A9C8F4-DD6F-4B45-9BDC-37800CA4150C}.Debug|x64.Build.0 = Debug|Any CPU
		{23A9C8F4-DD6F-4B45-9BDC-37800CA4150C}.Debug|x86.ActiveCfg = Debug|Any CPU
		{23A9C8F4-DD6F-4B45-9BDC-37800CA4150C}.Debug|x86.Build.0 = Debug|Any CPU
		{23A9C8F4-DD6F-4B45-9BDC-37800CA4150C}.Release|Any CPU.ActiveCfg = Release|Any CPU
		{23A9C8F4-DD6F-4B45-9BDC-37800CA4150C}.Release|Any CPU.Build.0 = Release|Any CPU
		{23A9C8F4-DD6F-4B45-9BDC-37800CA4150C}.Release|ARM.ActiveCfg = Release|Any CPU
		{23A9C8F4-DD6F-4B45-9BDC-37800CA4150C}.Release|ARM.Build.0 = Release|Any CPU
		{23A9C8F4-DD6F-4B45-9BDC-37800CA4150C}.Release|x64.ActiveCfg = Release|Any CPU
		{23A9C8F4-DD6F-4B45-9BDC-37800CA4150C}.Release|x64.Build.0 = Release|Any CPU
		{23A9C8F4-DD6F-4B45-9BDC-37800CA4150C}.Release|x86.ActiveCfg = Release|Any CPU
		{23A9C8F4-DD6F-4B45-9BDC-37800CA4150C}.Release|x86.Build.0 = Release|Any CPU
		{452886E0-883D-4BA1-AEAA-603976A2708D}.Debug|Any CPU.ActiveCfg = Debug|Any CPU
		{452886E0-883D-4BA1-AEAA-603976A2708D}.Debug|Any CPU.Build.0 = Debug|Any CPU
		{452886E0-883D-4BA1-AEAA-603976A2708D}.Debug|ARM.ActiveCfg = Debug|Any CPU
		{452886E0-883D-4BA1-AEAA-603976A2708D}.Debug|ARM.Build.0 = Debug|Any CPU
		{452886E0-883D-4BA1-AEAA-603976A2708D}.Debug|x64.ActiveCfg = Debug|Any CPU
		{452886E0-883D-4BA1-AEAA-603976A2708D}.Debug|x64.Build.0 = Debug|Any CPU
		{452886E0-883D-4BA1-AEAA-603976A2708D}.Debug|x86.ActiveCfg = Debug|Any CPU
		{452886E0-883D-4BA1-AEAA-603976A2708D}.Debug|x86.Build.0 = Debug|Any CPU
		{452886E0-883D-4BA1-AEAA-603976A2708D}.Release|Any CPU.ActiveCfg = Release|Any CPU
		{452886E0-883D-4BA1-AEAA-603976A2708D}.Release|Any CPU.Build.0 = Release|Any CPU
		{452886E0-883D-4BA1-AEAA-603976A2708D}.Release|ARM.ActiveCfg = Release|Any CPU
		{452886E0-883D-4BA1-AEAA-603976A2708D}.Release|ARM.Build.0 = Release|Any CPU
		{452886E0-883D-4BA1-AEAA-603976A2708D}.Release|x64.ActiveCfg = Release|Any CPU
		{452886E0-883D-4BA1-AEAA-603976A2708D}.Release|x64.Build.0 = Release|Any CPU
		{452886E0-883D-4BA1-AEAA-603976A2708D}.Release|x86.ActiveCfg = Release|Any CPU
		{452886E0-883D-4BA1-AEAA-603976A2708D}.Release|x86.Build.0 = Release|Any CPU
		{EC5B2A0D-8240-441A-8EA5-D95719A981F9}.Debug|Any CPU.ActiveCfg = Debug|Any CPU
		{EC5B2A0D-8240-441A-8EA5-D95719A981F9}.Debug|Any CPU.Build.0 = Debug|Any CPU
		{EC5B2A0D-8240-441A-8EA5-D95719A981F9}.Debug|ARM.ActiveCfg = Debug|Any CPU
		{EC5B2A0D-8240-441A-8EA5-D95719A981F9}.Debug|ARM.Build.0 = Debug|Any CPU
		{EC5B2A0D-8240-441A-8EA5-D95719A981F9}.Debug|x64.ActiveCfg = Debug|Any CPU
		{EC5B2A0D-8240-441A-8EA5-D95719A981F9}.Debug|x64.Build.0 = Debug|Any CPU
		{EC5B2A0D-8240-441A-8EA5-D95719A981F9}.Debug|x86.ActiveCfg = Debug|Any CPU
		{EC5B2A0D-8240-441A-8EA5-D95719A981F9}.Debug|x86.Build.0 = Debug|Any CPU
		{EC5B2A0D-8240-441A-8EA5-D95719A981F9}.Release|Any CPU.ActiveCfg = Release|Any CPU
		{EC5B2A0D-8240-441A-8EA5-D95719A981F9}.Release|Any CPU.Build.0 = Release|Any CPU
		{EC5B2A0D-8240-441A-8EA5-D95719A981F9}.Release|ARM.ActiveCfg = Release|Any CPU
		{EC5B2A0D-8240-441A-8EA5-D95719A981F9}.Release|ARM.Build.0 = Release|Any CPU
		{EC5B2A0D-8240-441A-8EA5-D95719A981F9}.Release|x64.ActiveCfg = Release|Any CPU
		{EC5B2A0D-8240-441A-8EA5-D95719A981F9}.Release|x64.Build.0 = Release|Any CPU
		{EC5B2A0D-8240-441A-8EA5-D95719A981F9}.Release|x86.ActiveCfg = Release|Any CPU
		{EC5B2A0D-8240-441A-8EA5-D95719A981F9}.Release|x86.Build.0 = Release|Any CPU
		{89A0C1FB-CBBC-468C-8388-EBC95453A16E}.Debug|Any CPU.ActiveCfg = Debug|Any CPU
		{89A0C1FB-CBBC-468C-8388-EBC95453A16E}.Debug|Any CPU.Build.0 = Debug|Any CPU
		{89A0C1FB-CBBC-468C-8388-EBC95453A16E}.Debug|ARM.ActiveCfg = Debug|Any CPU
		{89A0C1FB-CBBC-468C-8388-EBC95453A16E}.Debug|ARM.Build.0 = Debug|Any CPU
		{89A0C1FB-CBBC-468C-8388-EBC95453A16E}.Debug|x64.ActiveCfg = Debug|Any CPU
		{89A0C1FB-CBBC-468C-8388-EBC95453A16E}.Debug|x64.Build.0 = Debug|Any CPU
		{89A0C1FB-CBBC-468C-8388-EBC95453A16E}.Debug|x86.ActiveCfg = Debug|Any CPU
		{89A0C1FB-CBBC-468C-8388-EBC95453A16E}.Debug|x86.Build.0 = Debug|Any CPU
		{89A0C1FB-CBBC-468C-8388-EBC95453A16E}.Release|Any CPU.ActiveCfg = Release|Any CPU
		{89A0C1FB-CBBC-468C-8388-EBC95453A16E}.Release|Any CPU.Build.0 = Release|Any CPU
		{89A0C1FB-CBBC-468C-8388-EBC95453A16E}.Release|ARM.ActiveCfg = Release|Any CPU
		{89A0C1FB-CBBC-468C-8388-EBC95453A16E}.Release|ARM.Build.0 = Release|Any CPU
		{89A0C1FB-CBBC-468C-8388-EBC95453A16E}.Release|x64.ActiveCfg = Release|Any CPU
		{89A0C1FB-CBBC-468C-8388-EBC95453A16E}.Release|x64.Build.0 = Release|Any CPU
		{89A0C1FB-CBBC-468C-8388-EBC95453A16E}.Release|x86.ActiveCfg = Release|Any CPU
		{89A0C1FB-CBBC-468C-8388-EBC95453A16E}.Release|x86.Build.0 = Release|Any CPU
		{BE133B87-FDB9-48A3-B83C-0C8ACB6FA64B}.Debug|Any CPU.ActiveCfg = Debug|Any CPU
		{BE133B87-FDB9-48A3-B83C-0C8ACB6FA64B}.Debug|Any CPU.Build.0 = Debug|Any CPU
		{BE133B87-FDB9-48A3-B83C-0C8ACB6FA64B}.Debug|ARM.ActiveCfg = Debug|Any CPU
		{BE133B87-FDB9-48A3-B83C-0C8ACB6FA64B}.Debug|ARM.Build.0 = Debug|Any CPU
		{BE133B87-FDB9-48A3-B83C-0C8ACB6FA64B}.Debug|x64.ActiveCfg = Debug|Any CPU
		{BE133B87-FDB9-48A3-B83C-0C8ACB6FA64B}.Debug|x64.Build.0 = Debug|Any CPU
		{BE133B87-FDB9-48A3-B83C-0C8ACB6FA64B}.Debug|x86.ActiveCfg = Debug|Any CPU
		{BE133B87-FDB9-48A3-B83C-0C8ACB6FA64B}.Debug|x86.Build.0 = Debug|Any CPU
		{BE133B87-FDB9-48A3-B83C-0C8ACB6FA64B}.Release|Any CPU.ActiveCfg = Release|Any CPU
		{BE133B87-FDB9-48A3-B83C-0C8ACB6FA64B}.Release|Any CPU.Build.0 = Release|Any CPU
		{BE133B87-FDB9-48A3-B83C-0C8ACB6FA64B}.Release|ARM.ActiveCfg = Release|Any CPU
		{BE133B87-FDB9-48A3-B83C-0C8ACB6FA64B}.Release|ARM.Build.0 = Release|Any CPU
		{BE133B87-FDB9-48A3-B83C-0C8ACB6FA64B}.Release|x64.ActiveCfg = Release|Any CPU
		{BE133B87-FDB9-48A3-B83C-0C8ACB6FA64B}.Release|x64.Build.0 = Release|Any CPU
		{BE133B87-FDB9-48A3-B83C-0C8ACB6FA64B}.Release|x86.ActiveCfg = Release|Any CPU
		{BE133B87-FDB9-48A3-B83C-0C8ACB6FA64B}.Release|x86.Build.0 = Release|Any CPU
	EndGlobalSection
	GlobalSection(SolutionProperties) = preSolution
		HideSolutionNode = FALSE
	EndGlobalSection
	GlobalSection(NestedProjects) = preSolution
		{FF228B7E-800D-4C12-8124-9D030E3B51C0} = {102D3E00-8C09-403D-B3B6-CF011BAD68EB}
		{A7B48BF1-AA03-4239-8929-5F3ADA4C20E9} = {E03722AA-6B8F-4010-9883-A0C371F2B403}
		{6E2255FC-A273-404B-97BC-2AA5DB3D3A17} = {E03722AA-6B8F-4010-9883-A0C371F2B403}
		{D4A6CA81-41A6-439F-8CD1-66A2453E85E0} = {D735CB15-252C-48CA-9E14-566B598A4093}
		{7E66B283-1699-4DEA-A9DB-512765DE28AD} = {FD5FBA26-868F-43F6-8747-D91D86E2EC86}
		{23A9C8F4-DD6F-4B45-9BDC-37800CA4150C} = {F7B962A0-9808-4626-83A9-539FC393957A}
		{452886E0-883D-4BA1-AEAA-603976A2708D} = {369A08A6-ED4B-4D7E-B738-04FCEA3CC24B}
		{EC5B2A0D-8240-441A-8EA5-D95719A981F9} = {FF3CCE6A-C96C-434B-9C1C-762F70FF888D}
		{89A0C1FB-CBBC-468C-8388-EBC95453A16E} = {4D132DFC-30AB-41E3-B277-56134D3FC48D}
		{BE133B87-FDB9-48A3-B83C-0C8ACB6FA64B} = {4D132DFC-30AB-41E3-B277-56134D3FC48D}
	EndGlobalSection
	GlobalSection(ExtensibilityGlobals) = postSolution
		SolutionGuid = {78F45181-B972-4F03-B44B-4AE7BB45AE0F}
	EndGlobalSection
EndGlobal
